
Microsoft Visual Studio Solution File, Format Version 12.00
# Visual Studio Version 17
VisualStudioVersion = 17.4.33110.190
MinimumVisualStudioVersion = 10.0.40219.1
Project("{F184B08F-C81C-45F6-A57F-5ABD9991F28F}") = "Teste_s4e", "Teste_s4e.vbproj", "{7CA221F5-2E7B-4963-B21D-BD0FF2990B47}"
EndProject
Global
	GlobalSection(SolutionConfigurationPlatforms) = preSolution
		Debug|Any CPU = Debug|Any CPU
		Release|Any CPU = Release|Any CPU
	EndGlobalSection
	GlobalSection(ProjectConfigurationPlatforms) = postSolution
		{7CA221F5-2E7B-4963-B21D-BD0FF2990B47}.Debug|Any CPU.ActiveCfg = Debug|Any CPU
		{7CA221F5-2E7B-4963-B21D-BD0FF2990B47}.Debug|Any CPU.Build.0 = Debug|Any CPU
		{7CA221F5-2E7B-4963-B21D-BD0FF2990B47}.Release|Any CPU.ActiveCfg = Release|Any CPU
		{7CA221F5-2E7B-4963-B21D-BD0FF2990B47}.Release|Any CPU.Build.0 = Release|Any CPU
	EndGlobalSection
	GlobalSection(SolutionProperties) = preSolution
		HideSolutionNode = FALSE
	EndGlobalSection
	GlobalSection(ExtensibilityGlobals) = postSolution
		SolutionGuid = {A618549E-507F-4F88-BE61-1CAE736D70C6}
	EndGlobalSection
EndGlobal
